
Microsoft Visual Studio Solution File, Format Version 12.00
# Visual Studio Version 17
VisualStudioVersion = 17.5.002.0
MinimumVisualStudioVersion = 10.0.40219.1
Project("{9A19103F-16F7-4668-BE54-9A1E7A4F7556}") = "CapaDePresentacion", "CapaDePresentacion\CapaDePresentacion.csproj", "{84C7655E-D72C-4E71-9B4A-0CDB872034A8}"
EndProject
Project("{FAE04EC0-301F-11D3-BF4B-00C04F79EFBC}") = "ReglaDeNegocio", "ReglaDeNegocio\ReglaDeNegocio.csproj", "{CEB219C9-A796-457F-BD55-9D535A62D2B9}"
EndProject
Project("{FAE04EC0-301F-11D3-BF4B-00C04F79EFBC}") = "UnitTestNegocio", "UnitTestNegocio\UnitTestNegocio.csproj", "{1E49200F-9F7A-4E19-80B4-DA7FAF42546F}"
EndProject
Global
	GlobalSection(SolutionConfigurationPlatforms) = preSolution
		Debug|Any CPU = Debug|Any CPU
		Release|Any CPU = Release|Any CPU
	EndGlobalSection
	GlobalSection(ProjectConfigurationPlatforms) = postSolution
		{84C7655E-D72C-4E71-9B4A-0CDB872034A8}.Debug|Any CPU.ActiveCfg = Debug|Any CPU
		{84C7655E-D72C-4E71-9B4A-0CDB872034A8}.Debug|Any CPU.Build.0 = Debug|Any CPU
		{84C7655E-D72C-4E71-9B4A-0CDB872034A8}.Release|Any CPU.ActiveCfg = Release|Any CPU
		{84C7655E-D72C-4E71-9B4A-0CDB872034A8}.Release|Any CPU.Build.0 = Release|Any CPU
		{CEB219C9-A796-457F-BD55-9D535A62D2B9}.Debug|Any CPU.ActiveCfg = Debug|Any CPU
		{CEB219C9-A796-457F-BD55-9D535A62D2B9}.Debug|Any CPU.Build.0 = Debug|Any CPU
		{CEB219C9-A796-457F-BD55-9D535A62D2B9}.Release|Any CPU.ActiveCfg = Release|Any CPU
		{CEB219C9-A796-457F-BD55-9D535A62D2B9}.Release|Any CPU.Build.0 = Release|Any CPU
		{1E49200F-9F7A-4E19-80B4-DA7FAF42546F}.Debug|Any CPU.ActiveCfg = Debug|Any CPU
		{1E49200F-9F7A-4E19-80B4-DA7FAF42546F}.Debug|Any CPU.Build.0 = Debug|Any CPU
		{1E49200F-9F7A-4E19-80B4-DA7FAF42546F}.Release|Any CPU.ActiveCfg = Release|Any CPU
		{1E49200F-9F7A-4E19-80B4-DA7FAF42546F}.Release|Any CPU.Build.0 = Release|Any CPU
	EndGlobalSection
	GlobalSection(SolutionProperties) = preSolution
		HideSolutionNode = FALSE
	EndGlobalSection
	GlobalSection(ExtensibilityGlobals) = postSolution
		SolutionGuid = {68C58E31-446E-4FCC-930C-B4961FA14793}
	EndGlobalSection
EndGlobal
